
Microsoft Visual Studio Solution File, Format Version 12.00
# Visual Studio Version 17
VisualStudioVersion = 17.5.002.0
MinimumVisualStudioVersion = 10.0.40219.1
Project("{9A19103F-16F7-4668-BE54-9A1E7A4F7556}") = "HelloWorldApp.Web", "HelloWorldApp.Web.csproj", "{FE473C6C-6FB9-4E66-BF67-7EFC4FDEE528}"
EndProject
Global
	GlobalSection(SolutionConfigurationPlatforms) = preSolution
		Debug|Any CPU = Debug|Any CPU
		Release|Any CPU = Release|Any CPU
	EndGlobalSection
	GlobalSection(ProjectConfigurationPlatforms) = postSolution
		{FE473C6C-6FB9-4E66-BF67-7EFC4FDEE528}.Debug|Any CPU.ActiveCfg = Debug|Any CPU
		{FE473C6C-6FB9-4E66-BF67-7EFC4FDEE528}.Debug|Any CPU.Build.0 = Debug|Any CPU
		{FE473C6C-6FB9-4E66-BF67-7EFC4FDEE528}.Release|Any CPU.ActiveCfg = Release|Any CPU
		{FE473C6C-6FB9-4E66-BF67-7EFC4FDEE528}.Release|Any CPU.Build.0 = Release|Any CPU
	EndGlobalSection
	GlobalSection(SolutionProperties) = preSolution
		HideSolutionNode = FALSE
	EndGlobalSection
	GlobalSection(ExtensibilityGlobals) = postSolution
		SolutionGuid = {1A7FF32F-1507-4AF2-9361-239472B27AB3}
	EndGlobalSection
EndGlobal
